
Microsoft Visual Studio Solution File, Format Version 12.00
# Visual Studio 15
VisualStudioVersion = 15.0.28307.572
MinimumVisualStudioVersion = 10.0.40219.1
Project("{2150E333-8FDC-42A3-9474-1A3956D46DE8}") = "Web", "Web", "{243AA0FC-C8FF-4EFE-AD79-A124ECA2CFB1}"
EndProject
Project("{2150E333-8FDC-42A3-9474-1A3956D46DE8}") = "Data", "Data", "{CF7E22EF-28E0-4031-9ABC-821D3C85B50C}"
EndProject
Project("{2150E333-8FDC-42A3-9474-1A3956D46DE8}") = "Services", "Services", "{9FD21715-BFBF-4C74-B109-E2FEB2D0DBC1}"
EndProject
Project("{2150E333-8FDC-42A3-9474-1A3956D46DE8}") = "Tests", "Tests", "{5E46CB3D-FFFF-4380-A272-585B66752D56}"
EndProject
Project("{9A19103F-16F7-4668-BE54-9A1E7A4F7556}") = "StocksHelper.Web", "Web\StocksHelper.Web\StocksHelper.Web.csproj", "{C2DF8045-3223-4B8F-BD4A-138C2A76D709}"
EndProject
Global
	GlobalSection(SolutionConfigurationPlatforms) = preSolution
		Debug|Any CPU = Debug|Any CPU
		Release|Any CPU = Release|Any CPU
	EndGlobalSection
	GlobalSection(ProjectConfigurationPlatforms) = postSolution
		{C2DF8045-3223-4B8F-BD4A-138C2A76D709}.Debug|Any CPU.ActiveCfg = Debug|Any CPU
		{C2DF8045-3223-4B8F-BD4A-138C2A76D709}.Debug|Any CPU.Build.0 = Debug|Any CPU
		{C2DF8045-3223-4B8F-BD4A-138C2A76D709}.Release|Any CPU.ActiveCfg = Release|Any CPU
		{C2DF8045-3223-4B8F-BD4A-138C2A76D709}.Release|Any CPU.Build.0 = Release|Any CPU
	EndGlobalSection
	GlobalSection(SolutionProperties) = preSolution
		HideSolutionNode = FALSE
	EndGlobalSection
	GlobalSection(NestedProjects) = preSolution
		{C2DF8045-3223-4B8F-BD4A-138C2A76D709} = {243AA0FC-C8FF-4EFE-AD79-A124ECA2CFB1}
	EndGlobalSection
	GlobalSection(ExtensibilityGlobals) = postSolution
		SolutionGuid = {5D0A0550-C976-4ADC-BD3E-4E6E3C9C74F9}
	EndGlobalSection
EndGlobal
